
Microsoft Visual Studio Solution File, Format Version 12.00
# Visual Studio Version 16
VisualStudioVersion = 16.0.29326.143
MinimumVisualStudioVersion = 10.0.40219.1
Project("{FAE04EC0-301F-11D3-BF4B-00C04F79EFBC}") = "MakeOrBuy", "MakeOrBuy\MakeOrBuy.csproj", "{B0BAF0C9-DDEE-4653-83EE-63D8AF3FCF0F}"
EndProject
Global
	GlobalSection(SolutionConfigurationPlatforms) = preSolution
		Debug|Any CPU = Debug|Any CPU
		Release|Any CPU = Release|Any CPU
	EndGlobalSection
	GlobalSection(ProjectConfigurationPlatforms) = postSolution
		{B0BAF0C9-DDEE-4653-83EE-63D8AF3FCF0F}.Debug|Any CPU.ActiveCfg = Debug|Any CPU
		{B0BAF0C9-DDEE-4653-83EE-63D8AF3FCF0F}.Debug|Any CPU.Build.0 = Debug|Any CPU
		{B0BAF0C9-DDEE-4653-83EE-63D8AF3FCF0F}.Release|Any CPU.ActiveCfg = Release|Any CPU
		{B0BAF0C9-DDEE-4653-83EE-63D8AF3FCF0F}.Release|Any CPU.Build.0 = Release|Any CPU
	EndGlobalSection
	GlobalSection(SolutionProperties) = preSolution
		HideSolutionNode = FALSE
	EndGlobalSection
	GlobalSection(ExtensibilityGlobals) = postSolution
		SolutionGuid = {B656967F-D978-41E5-A806-C9C73AEA9BC5}
	EndGlobalSection
EndGlobal
